
Microsoft Visual Studio Solution File, Format Version 12.00
# Visual Studio 15
VisualStudioVersion = 15.0.27130.2010
MinimumVisualStudioVersion = 10.0.40219.1
Project("{D954291E-2A0B-460D-934E-DC6B0785DB48}") = "DevDayDemo", "DevDayDemo\DevDayDemo\DevDayDemo.shproj", "{607E07BD-552A-44E8-87FB-0F32DED346B4}"
EndProject
Project("{FAE04EC0-301F-11D3-BF4B-00C04F79EFBC}") = "DevDayDemo.Android", "DevDayDemo\DevDayDemo.Android\DevDayDemo.Android.csproj", "{D5B5434A-1B78-4EE5-9DA9-09527BD21539}"
EndProject
Project("{FAE04EC0-301F-11D3-BF4B-00C04F79EFBC}") = "DevDayDemo.iOS", "DevDayDemo\DevDayDemo.iOS\DevDayDemo.iOS.csproj", "{49806872-9860-4DD1-8362-4B52105A40DF}"
EndProject
Project("{FAE04EC0-301F-11D3-BF4B-00C04F79EFBC}") = "DevDayDemo.UWP", "DevDayDemo\DevDayDemo.UWP\DevDayDemo.UWP.csproj", "{0D639E7F-093D-4F63-AEA5-7803FE1436D3}"
EndProject
Project("{FAE04EC0-301F-11D3-BF4B-00C04F79EFBC}") = "UITestXam", "UITestXam\UITestXam.csproj", "{755BE5BB-DB69-4FA2-9B24-82E896D51808}"
EndProject
Global
	GlobalSection(SharedMSBuildProjectFiles) = preSolution
		DevDayDemo\DevDayDemo\DevDayDemo.projitems*{0d639e7f-093d-4f63-aea5-7803fe1436d3}*SharedItemsImports = 4
		DevDayDemo\DevDayDemo\DevDayDemo.projitems*{49806872-9860-4dd1-8362-4b52105a40df}*SharedItemsImports = 4
		DevDayDemo\DevDayDemo\DevDayDemo.projitems*{607e07bd-552a-44e8-87fb-0f32ded346b4}*SharedItemsImports = 13
		DevDayDemo\DevDayDemo\DevDayDemo.projitems*{d5b5434a-1b78-4ee5-9da9-09527bd21539}*SharedItemsImports = 4
	EndGlobalSection
	GlobalSection(SolutionConfigurationPlatforms) = preSolution
		Ad-Hoc|Any CPU = Ad-Hoc|Any CPU
		Ad-Hoc|ARM = Ad-Hoc|ARM
		Ad-Hoc|iPhone = Ad-Hoc|iPhone
		Ad-Hoc|iPhoneSimulator = Ad-Hoc|iPhoneSimulator
		Ad-Hoc|x64 = Ad-Hoc|x64
		Ad-Hoc|x86 = Ad-Hoc|x86
		AppStore|Any CPU = AppStore|Any CPU
		AppStore|ARM = AppStore|ARM
		AppStore|iPhone = AppStore|iPhone
		AppStore|iPhoneSimulator = AppStore|iPhoneSimulator
		AppStore|x64 = AppStore|x64
		AppStore|x86 = AppStore|x86
		Debug|Any CPU = Debug|Any CPU
		Debug|ARM = Debug|ARM
		Debug|iPhone = Debug|iPhone
		Debug|iPhoneSimulator = Debug|iPhoneSimulator
		Debug|x64 = Debug|x64
		Debug|x86 = Debug|x86
		Release|Any CPU = Release|Any CPU
		Release|ARM = Release|ARM
		Release|iPhone = Release|iPhone
		Release|iPhoneSimulator = Release|iPhoneSimulator
		Release|x64 = Release|x64
		Release|x86 = Release|x86
	EndGlobalSection
	GlobalSection(ProjectConfigurationPlatforms) = postSolution
		{D5B5434A-1B78-4EE5-9DA9-09527BD21539}.Ad-Hoc|Any CPU.ActiveCfg = Release|Any CPU
		{D5B5434A-1B78-4EE5-9DA9-09527BD21539}.Ad-Hoc|Any CPU.Build.0 = Release|Any CPU
		{D5B5434A-1B78-4EE5-9DA9-09527BD21539}.Ad-Hoc|Any CPU.Deploy.0 = Release|Any CPU
		{D5B5434A-1B78-4EE5-9DA9-09527BD21539}.Ad-Hoc|ARM.ActiveCfg = Release|Any CPU
		{D5B5434A-1B78-4EE5-9DA9-09527BD21539}.Ad-Hoc|ARM.Build.0 = Release|Any CPU
		{D5B5434A-1B78-4EE5-9DA9-09527BD21539}.Ad-Hoc|ARM.Deploy.0 = Release|Any CPU
		{D5B5434A-1B78-4EE5-9DA9-09527BD21539}.Ad-Hoc|iPhone.ActiveCfg = Release|Any CPU
		{D5B5434A-1B78-4EE5-9DA9-09527BD21539}.Ad-Hoc|iPhone.Build.0 = Release|Any CPU
		{D5B5434A-1B78-4EE5-9DA9-09527BD21539}.Ad-Hoc|iPhone.Deploy.0 = Release|Any CPU
		{D5B5434A-1B78-4EE5-9DA9-09527BD21539}.Ad-Hoc|iPhoneSimulator.ActiveCfg = Release|Any CPU
		{D5B5434A-1B78-4EE5-9DA9-09527BD21539}.Ad-Hoc|iPhoneSimulator.Build.0 = Release|Any CPU
		{D5B5434A-1B78-4EE5-9DA9-09527BD21539}.Ad-Hoc|iPhoneSimulator.Deploy.0 = Release|Any CPU
		{D5B5434A-1B78-4EE5-9DA9-09527BD21539}.Ad-Hoc|x64.ActiveCfg = Release|Any CPU
		{D5B5434A-1B78-4EE5-9DA9-09527BD21539}.Ad-Hoc|x64.Build.0 = Release|Any CPU
		{D5B5434A-1B78-4EE5-9DA9-09527BD21539}.Ad-Hoc|x64.Deploy.0 = Release|Any CPU
		{D5B5434A-1B78-4EE5-9DA9-09527BD21539}.Ad-Hoc|x86.ActiveCfg = Release|Any CPU
		{D5B5434A-1B78-4EE5-9DA9-09527BD21539}.Ad-Hoc|x86.Build.0 = Release|Any CPU
		{D5B5434A-1B78-4EE5-9DA9-09527BD21539}.Ad-Hoc|x86.Deploy.0 = Release|Any CPU
		{D5B5434A-1B78-4EE5-9DA9-09527BD21539}.AppStore|Any CPU.ActiveCfg = Release|Any CPU
		{D5B5434A-1B78-4EE5-9DA9-09527BD21539}.AppStore|Any CPU.Build.0 = Release|Any CPU
		{D5B5434A-1B78-4EE5-9DA9-09527BD21539}.AppStore|Any CPU.Deploy.0 = Release|Any CPU
		{D5B5434A-1B78-4EE5-9DA9-09527BD21539}.AppStore|ARM.ActiveCfg = Release|Any CPU
		{D5B5434A-1B78-4EE5-9DA9-09527BD21539}.AppStore|ARM.Build.0 = Release|Any CPU
		{D5B5434A-1B78-4EE5-9DA9-09527BD21539}.AppStore|ARM.Deploy.0 = Release|Any CPU
		{D5B5434A-1B78-4EE5-9DA9-09527BD21539}.AppStore|iPhone.ActiveCfg = Release|Any CPU
		{D5B5434A-1B78-4EE5-9DA9-09527BD21539}.AppStore|iPhone.Build.0 = Release|Any CPU
		{D5B5434A-1B78-4EE5-9DA9-09527BD21539}.AppStore|iPhone.Deploy.0 = Release|Any CPU
		{D5B5434A-1B78-4EE5-9DA9-09527BD21539}.AppStore|iPhoneSimulator.ActiveCfg = Release|Any CPU
		{D5B5434A-1B78-4EE5-9DA9-09527BD21539}.AppStore|iPhoneSimulator.Build.0 = Release|Any CPU
		{D5B5434A-1B78-4EE5-9DA9-09527BD21539}.AppStore|iPhoneSimulator.Deploy.0 = Release|Any CPU
		{D5B5434A-1B78-4EE5-9DA9-09527BD21539}.AppStore|x64.ActiveCfg = Release|Any CPU
		{D5B5434A-1B78-4EE5-9DA9-09527BD21539}.AppStore|x64.Build.0 = Release|Any CPU
		{D5B5434A-1B78-4EE5-9DA9-09527BD21539}.AppStore|x64.Deploy.0 = Release|Any CPU
		{D5B5434A-1B78-4EE5-9DA9-09527BD21539}.AppStore|x86.ActiveCfg = Release|Any CPU
		{D5B5434A-1B78-4EE5-9DA9-09527BD21539}.AppStore|x86.Build.0 = Release|Any CPU
		{D5B5434A-1B78-4EE5-9DA9-09527BD21539}.AppStore|x86.Deploy.0 = Release|Any CPU
		{D5B5434A-1B78-4EE5-9DA9-09527BD21539}.Debug|Any CPU.ActiveCfg = Debug|Any CPU
		{D5B5434A-1B78-4EE5-9DA9-09527BD21539}.Debug|Any CPU.Build.0 = Debug|Any CPU
		{D5B5434A-1B78-4EE5-9DA9-09527BD21539}.Debug|Any CPU.Deploy.0 = Debug|Any CPU
		{D5B5434A-1B78-4EE5-9DA9-09527BD21539}.Debug|ARM.ActiveCfg = Debug|Any CPU
		{D5B5434A-1B78-4EE5-9DA9-09527BD21539}.Debug|ARM.Build.0 = Debug|Any CPU
		{D5B5434A-1B78-4EE5-9DA9-09527BD21539}.Debug|ARM.Deploy.0 = Debug|Any CPU
		{D5B5434A-1B78-4EE5-9DA9-09527BD21539}.Debug|iPhone.ActiveCfg = Debug|Any CPU
		{D5B5434A-1B78-4EE5-9DA9-09527BD21539}.Debug|iPhone.Build.0 = Debug|Any CPU
		{D5B5434A-1B78-4EE5-9DA9-09527BD21539}.Debug|iPhone.Deploy.0 = Debug|Any CPU
		{D5B5434A-1B78-4EE5-9DA9-09527BD21539}.Debug|iPhoneSimulator.ActiveCfg = Debug|Any CPU
		{D5B5434A-1B78-4EE5-9DA9-09527BD21539}.Debug|iPhoneSimulator.Build.0 = Debug|Any CPU
		{D5B5434A-1B78-4EE5-9DA9-09527BD21539}.Debug|iPhoneSimulator.Deploy.0 = Debug|Any CPU
		{D5B5434A-1B78-4EE5-9DA9-09527BD21539}.Debug|x64.ActiveCfg = Debug|Any CPU
		{D5B5434A-1B78-4EE5-9DA9-09527BD21539}.Debug|x64.Build.0 = Debug|Any CPU
		{D5B5434A-1B78-4EE5-9DA9-09527BD21539}.Debug|x64.Deploy.0 = Debug|Any CPU
		{D5B5434A-1B78-4EE5-9DA9-09527BD21539}.Debug|x86.ActiveCfg = Debug|Any CPU
		{D5B5434A-1B78-4EE5-9DA9-09527BD21539}.Debug|x86.Build.0 = Debug|Any CPU
		{D5B5434A-1B78-4EE5-9DA9-09527BD21539}.Debug|x86.Deploy.0 = Debug|Any CPU
		{D5B5434A-1B78-4EE5-9DA9-09527BD21539}.Release|Any CPU.ActiveCfg = Release|Any CPU
		{D5B5434A-1B78-4EE5-9DA9-09527BD21539}.Release|Any CPU.Build.0 = Release|Any CPU
		{D5B5434A-1B78-4EE5-9DA9-09527BD21539}.Release|Any CPU.Deploy.0 = Release|Any CPU
		{D5B5434A-1B78-4EE5-9DA9-09527BD21539}.Release|ARM.ActiveCfg = Release|Any CPU
		{D5B5434A-1B78-4EE5-9DA9-09527BD21539}.Release|ARM.Build.0 = Release|Any CPU
		{D5B5434A-1B78-4EE5-9DA9-09527BD21539}.Release|ARM.Deploy.0 = Release|Any CPU
		{D5B5434A-1B78-4EE5-9DA9-09527BD21539}.Release|iPhone.ActiveCfg = Release|Any CPU
		{D5B5434A-1B78-4EE5-9DA9-09527BD21539}.Release|iPhone.Build.0 = Release|Any CPU
		{D5B5434A-1B78-4EE5-9DA9-09527BD21539}.Release|iPhone.Deploy.0 = Release|Any CPU
		{D5B5434A-1B78-4EE5-9DA9-09527BD21539}.Release|iPhoneSimulator.ActiveCfg = Release|Any CPU
		{D5B5434A-1B78-4EE5-9DA9-09527BD21539}.Release|iPhoneSimulator.Build.0 = Release|Any CPU
		{D5B5434A-1B78-4EE5-9DA9-09527BD21539}.Release|iPhoneSimulator.Deploy.0 = Release|Any CPU
		{D5B5434A-1B78-4EE5-9DA9-09527BD21539}.Release|x64.ActiveCfg = Release|Any CPU
		{D5B5434A-1B78-4EE5-9DA9-09527BD21539}.Release|x64.Build.0 = Release|Any CPU
		{D5B5434A-1B78-4EE5-9DA9-09527BD21539}.Release|x64.Deploy.0 = Release|Any CPU
		{D5B5434A-1B78-4EE5-9DA9-09527BD21539}.Release|x86.ActiveCfg = Release|Any CPU
		{D5B5434A-1B78-4EE5-9DA9-09527BD21539}.Release|x86.Build.0 = Release|Any CPU
		{D5B5434A-1B78-4EE5-9DA9-09527BD21539}.Release|x86.Deploy.0 = Release|Any CPU
		{49806872-9860-4DD1-8362-4B52105A40DF}.Ad-Hoc|Any CPU.ActiveCfg = Ad-Hoc|iPhoneSimulator
		{49806872-9860-4DD1-8362-4B52105A40DF}.Ad-Hoc|ARM.ActiveCfg = Ad-Hoc|iPhone
		{49806872-9860-4DD1-8362-4B52105A40DF}.Ad-Hoc|iPhone.ActiveCfg = Ad-Hoc|iPhone
		{49806872-9860-4DD1-8362-4B52105A40DF}.Ad-Hoc|iPhone.Build.0 = Ad-Hoc|iPhone
		{49806872-9860-4DD1-8362-4B52105A40DF}.Ad-Hoc|iPhoneSimulator.ActiveCfg = Ad-Hoc|iPhoneSimulator
		{49806872-9860-4DD1-8362-4B52105A40DF}.Ad-Hoc|iPhoneSimulator.Build.0 = Ad-Hoc|iPhoneSimulator
		{49806872-9860-4DD1-8362-4B52105A40DF}.Ad-Hoc|x64.ActiveCfg = Ad-Hoc|iPhone
		{49806872-9860-4DD1-8362-4B52105A40DF}.Ad-Hoc|x86.ActiveCfg = Ad-Hoc|iPhone
		{49806872-9860-4DD1-8362-4B52105A40DF}.AppStore|Any CPU.ActiveCfg = AppStore|iPhoneSimulator
		{49806872-9860-4DD1-8362-4B52105A40DF}.AppStore|ARM.ActiveCfg = AppStore|iPhone
		{49806872-9860-4DD1-8362-4B52105A40DF}.AppStore|iPhone.ActiveCfg = AppStore|iPhone
		{49806872-9860-4DD1-8362-4B52105A40DF}.AppStore|iPhone.Build.0 = AppStore|iPhone
		{49806872-9860-4DD1-8362-4B52105A40DF}.AppStore|iPhoneSimulator.ActiveCfg = AppStore|iPhoneSimulator
		{49806872-9860-4DD1-8362-4B52105A40DF}.AppStore|iPhoneSimulator.Build.0 = AppStore|iPhoneSimulator
		{49806872-9860-4DD1-8362-4B52105A40DF}.AppStore|x64.ActiveCfg = AppStore|iPhone
		{49806872-9860-4DD1-8362-4B52105A40DF}.AppStore|x86.ActiveCfg = AppStore|iPhone
		{49806872-9860-4DD1-8362-4B52105A40DF}.Debug|Any CPU.ActiveCfg = Debug|iPhoneSimulator
		{49806872-9860-4DD1-8362-4B52105A40DF}.Debug|ARM.ActiveCfg = Debug|iPhone
		{49806872-9860-4DD1-8362-4B52105A40DF}.Debug|iPhone.ActiveCfg = Debug|iPhone
		{49806872-9860-4DD1-8362-4B52105A40DF}.Debug|iPhone.Build.0 = Debug|iPhone
		{49806872-9860-4DD1-8362-4B52105A40DF}.Debug|iPhoneSimulator.ActiveCfg = Debug|iPhoneSimulator
		{49806872-9860-4DD1-8362-4B52105A40DF}.Debug|iPhoneSimulator.Build.0 = Debug|iPhoneSimulator
		{49806872-9860-4DD1-8362-4B52105A40DF}.Debug|x64.ActiveCfg = Debug|iPhone
		{49806872-9860-4DD1-8362-4B52105A40DF}.Debug|x86.ActiveCfg = Debug|iPhone
		{49806872-9860-4DD1-8362-4B52105A40DF}.Release|Any CPU.ActiveCfg = Release|iPhoneSimulator
		{49806872-9860-4DD1-8362-4B52105A40DF}.Release|ARM.ActiveCfg = Release|iPhone
		{49806872-9860-4DD1-8362-4B52105A40DF}.Release|iPhone.ActiveCfg = Release|iPhone
		{49806872-9860-4DD1-8362-4B52105A40DF}.Release|iPhone.Build.0 = Release|iPhone
		{49806872-9860-4DD1-8362-4B52105A40DF}.Release|iPhoneSimulator.ActiveCfg = Release|iPhoneSimulator
		{49806872-9860-4DD1-8362-4B52105A40DF}.Release|iPhoneSimulator.Build.0 = Release|iPhoneSimulator
		{49806872-9860-4DD1-8362-4B52105A40DF}.Release|x64.ActiveCfg = Release|iPhone
		{49806872-9860-4DD1-8362-4B52105A40DF}.Release|x86.ActiveCfg = Release|iPhone
		{0D639E7F-093D-4F63-AEA5-7803FE1436D3}.Ad-Hoc|Any CPU.ActiveCfg = Release|x86
		{0D639E7F-093D-4F63-AEA5-7803FE1436D3}.Ad-Hoc|Any CPU.Build.0 = Release|x86
		{0D639E7F-093D-4F63-AEA5-7803FE1436D3}.Ad-Hoc|Any CPU.Deploy.0 = Release|x86
		{0D639E7F-093D-4F63-AEA5-7803FE1436D3}.Ad-Hoc|ARM.ActiveCfg = Release|ARM
		{0D639E7F-093D-4F63-AEA5-7803FE1436D3}.Ad-Hoc|ARM.Build.0 = Release|ARM
		{0D639E7F-093D-4F63-AEA5-7803FE1436D3}.Ad-Hoc|ARM.Deploy.0 = Release|ARM
		{0D639E7F-093D-4F63-AEA5-7803FE1436D3}.Ad-Hoc|iPhone.ActiveCfg = Release|x86
		{0D639E7F-093D-4F63-AEA5-7803FE1436D3}.Ad-Hoc|iPhone.Build.0 = Release|x86
		{0D639E7F-093D-4F63-AEA5-7803FE1436D3}.Ad-Hoc|iPhone.Deploy.0 = Release|x86
		{0D639E7F-093D-4F63-AEA5-7803FE1436D3}.Ad-Hoc|iPhoneSimulator.ActiveCfg = Release|x86
		{0D639E7F-093D-4F63-AEA5-7803FE1436D3}.Ad-Hoc|iPhoneSimulator.Build.0 = Release|x86
		{0D639E7F-093D-4F63-AEA5-7803FE1436D3}.Ad-Hoc|iPhoneSimulator.Deploy.0 = Release|x86
		{0D639E7F-093D-4F63-AEA5-7803FE1436D3}.Ad-Hoc|x64.ActiveCfg = Release|x64
		{0D639E7F-093D-4F63-AEA5-7803FE1436D3}.Ad-Hoc|x64.Build.0 = Release|x64
		{0D639E7F-093D-4F63-AEA5-7803FE1436D3}.Ad-Hoc|x64.Deploy.0 = Release|x64
		{0D639E7F-093D-4F63-AEA5-7803FE1436D3}.Ad-Hoc|x86.ActiveCfg = Release|x86
		{0D639E7F-093D-4F63-AEA5-7803FE1436D3}.Ad-Hoc|x86.Build.0 = Release|x86
		{0D639E7F-093D-4F63-AEA5-7803FE1436D3}.Ad-Hoc|x86.Deploy.0 = Release|x86
		{0D639E7F-093D-4F63-AEA5-7803FE1436D3}.AppStore|Any CPU.ActiveCfg = Release|x86
		{0D639E7F-093D-4F63-AEA5-7803FE1436D3}.AppStore|Any CPU.Build.0 = Release|x86
		{0D639E7F-093D-4F63-AEA5-7803FE1436D3}.AppStore|Any CPU.Deploy.0 = Release|x86
		{0D639E7F-093D-4F63-AEA5-7803FE1436D3}.AppStore|ARM.ActiveCfg = Release|ARM
		{0D639E7F-093D-4F63-AEA5-7803FE1436D3}.AppStore|ARM.Build.0 = Release|ARM
		{0D639E7F-093D-4F63-AEA5-7803FE1436D3}.AppStore|ARM.Deploy.0 = Release|ARM
		{0D639E7F-093D-4F63-AEA5-7803FE1436D3}.AppStore|iPhone.ActiveCfg = Release|x86
		{0D639E7F-093D-4F63-AEA5-7803FE1436D3}.AppStore|iPhone.Build.0 = Release|x86
		{0D639E7F-093D-4F63-AEA5-7803FE1436D3}.AppStore|iPhone.Deploy.0 = Release|x86
		{0D639E7F-093D-4F63-AEA5-7803FE1436D3}.AppStore|iPhoneSimulator.ActiveCfg = Release|x86
		{0D639E7F-093D-4F63-AEA5-7803FE1436D3}.AppStore|iPhoneSimulator.Build.0 = Release|x86
		{0D639E7F-093D-4F63-AEA5-7803FE1436D3}.AppStore|iPhoneSimulator.Deploy.0 = Release|x86
		{0D639E7F-093D-4F63-AEA5-7803FE1436D3}.AppStore|x64.ActiveCfg = Release|x64
		{0D639E7F-093D-4F63-AEA5-7803FE1436D3}.AppStore|x64.Build.0 = Release|x64
		{0D639E7F-093D-4F63-AEA5-7803FE1436D3}.AppStore|x64.Deploy.0 = Release|x64
		{0D639E7F-093D-4F63-AEA5-7803FE1436D3}.AppStore|x86.ActiveCfg = Release|x86
		{0D639E7F-093D-4F63-AEA5-7803FE1436D3}.AppStore|x86.Build.0 = Release|x86
		{0D639E7F-093D-4F63-AEA5-7803FE1436D3}.AppStore|x86.Deploy.0 = Release|x86
		{0D639E7F-093D-4F63-AEA5-7803FE1436D3}.Debug|Any CPU.ActiveCfg = Debug|x86
		{0D639E7F-093D-4F63-AEA5-7803FE1436D3}.Debug|ARM.ActiveCfg = Debug|ARM
		{0D639E7F-093D-4F63-AEA5-7803FE1436D3}.Debug|ARM.Build.0 = Debug|ARM
		{0D639E7F-093D-4F63-AEA5-7803FE1436D3}.Debug|ARM.Deploy.0 = Debug|ARM
		{0D639E7F-093D-4F63-AEA5-7803FE1436D3}.Debug|iPhone.ActiveCfg = Debug|x86
		{0D639E7F-093D-4F63-AEA5-7803FE1436D3}.Debug|iPhoneSimulator.ActiveCfg = Debug|x86
		{0D639E7F-093D-4F63-AEA5-7803FE1436D3}.Debug|x64.ActiveCfg = Debug|x64
		{0D639E7F-093D-4F63-AEA5-7803FE1436D3}.Debug|x64.Build.0 = Debug|x64
		{0D639E7F-093D-4F63-AEA5-7803FE1436D3}.Debug|x64.Deploy.0 = Debug|x64
		{0D639E7F-093D-4F63-AEA5-7803FE1436D3}.Debug|x86.ActiveCfg = Debug|x86
		{0D639E7F-093D-4F63-AEA5-7803FE1436D3}.Debug|x86.Build.0 = Debug|x86
		{0D639E7F-093D-4F63-AEA5-7803FE1436D3}.Debug|x86.Deploy.0 = Debug|x86
		{0D639E7F-093D-4F63-AEA5-7803FE1436D3}.Release|Any CPU.ActiveCfg = Release|x86
		{0D639E7F-093D-4F63-AEA5-7803FE1436D3}.Release|ARM.ActiveCfg = Release|ARM
		{0D639E7F-093D-4F63-AEA5-7803FE1436D3}.Release|ARM.Build.0 = Release|ARM
		{0D639E7F-093D-4F63-AEA5-7803FE1436D3}.Release|ARM.Deploy.0 = Release|ARM
		{0D639E7F-093D-4F63-AEA5-7803FE1436D3}.Release|iPhone.ActiveCfg = Release|x86
		{0D639E7F-093D-4F63-AEA5-7803FE1436D3}.Release|iPhoneSimulator.ActiveCfg = Release|x86
		{0D639E7F-093D-4F63-AEA5-7803FE1436D3}.Release|x64.ActiveCfg = Release|x64
		{0D639E7F-093D-4F63-AEA5-7803FE1436D3}.Release|x64.Build.0 = Release|x64
		{0D639E7F-093D-4F63-AEA5-7803FE1436D3}.Release|x64.Deploy.0 = Release|x64
		{0D639E7F-093D-4F63-AEA5-7803FE1436D3}.Release|x86.ActiveCfg = Release|x86
		{0D639E7F-093D-4F63-AEA5-7803FE1436D3}.Release|x86.Build.0 = Release|x86
		{0D639E7F-093D-4F63-AEA5-7803FE1436D3}.Release|x86.Deploy.0 = Release|x86
		{755BE5BB-DB69-4FA2-9B24-82E896D51808}.Ad-Hoc|Any CPU.ActiveCfg = Release|Any CPU
		{755BE5BB-DB69-4FA2-9B24-82E896D51808}.Ad-Hoc|Any CPU.Build.0 = Release|Any CPU
		{755BE5BB-DB69-4FA2-9B24-82E896D51808}.Ad-Hoc|ARM.ActiveCfg = Release|Any CPU
		{755BE5BB-DB69-4FA2-9B24-82E896D51808}.Ad-Hoc|ARM.Build.0 = Release|Any CPU
		{755BE5BB-DB69-4FA2-9B24-82E896D51808}.Ad-Hoc|iPhone.ActiveCfg = Release|Any CPU
		{755BE5BB-DB69-4FA2-9B24-82E896D51808}.Ad-Hoc|iPhone.Build.0 = Release|Any CPU
		{755BE5BB-DB69-4FA2-9B24-82E896D51808}.Ad-Hoc|iPhoneSimulator.ActiveCfg = Release|Any CPU
		{755BE5BB-DB69-4FA2-9B24-82E896D51808}.Ad-Hoc|iPhoneSimulator.Build.0 = Release|Any CPU
		{755BE5BB-DB69-4FA2-9B24-82E896D51808}.Ad-Hoc|x64.ActiveCfg = Release|Any CPU
		{755BE5BB-DB69-4FA2-9B24-82E896D51808}.Ad-Hoc|x64.Build.0 = Release|Any CPU
		{755BE5BB-DB69-4FA2-9B24-82E896D51808}.Ad-Hoc|x86.ActiveCfg = Release|Any CPU
		{755BE5BB-DB69-4FA2-9B24-82E896D51808}.Ad-Hoc|x86.Build.0 = Release|Any CPU
		{755BE5BB-DB69-4FA2-9B24-82E896D51808}.AppStore|Any CPU.ActiveCfg = Release|Any CPU
		{755BE5BB-DB69-4FA2-9B24-82E896D51808}.AppStore|Any CPU.Build.0 = Release|Any CPU
		{755BE5BB-DB69-4FA2-9B24-82E896D51808}.AppStore|ARM.ActiveCfg = Release|Any CPU
		{755BE5BB-DB69-4FA2-9B24-82E896D51808}.AppStore|ARM.Build.0 = Release|Any CPU
		{755BE5BB-DB69-4FA2-9B24-82E896D51808}.AppStore|iPhone.ActiveCfg = Release|Any CPU
		{755BE5BB-DB69-4FA2-9B24-82E896D51808}.AppStore|iPhone.Build.0 = Release|Any CPU
		{755BE5BB-DB69-4FA2-9B24-82E896D51808}.AppStore|iPhoneSimulator.ActiveCfg = Release|Any CPU
		{755BE5BB-DB69-4FA2-9B24-82E896D51808}.AppStore|iPhoneSimulator.Build.0 = Release|Any CPU
		{755BE5BB-DB69-4FA2-9B24-82E896D51808}.AppStore|x64.ActiveCfg = Release|Any CPU
		{755BE5BB-DB69-4FA2-9B24-82E896D51808}.AppStore|x64.Build.0 = Release|Any CPU
		{755BE5BB-DB69-4FA2-9B24-82E896D51808}.AppStore|x86.ActiveCfg = Release|Any CPU
		{755BE5BB-DB69-4FA2-9B24-82E896D51808}.AppStore|x86.Build.0 = Release|Any CPU
		{755BE5BB-DB69-4FA2-9B24-82E896D51808}.Debug|Any CPU.ActiveCfg = Debug|Any CPU
		{755BE5BB-DB69-4FA2-9B24-82E896D51808}.Debug|Any CPU.Build.0 = Debug|Any CPU
		{755BE5BB-DB69-4FA2-9B24-82E896D51808}.Debug|ARM.ActiveCfg = Debug|Any CPU
		{755BE5BB-DB69-4FA2-9B24-82E896D51808}.Debug|ARM.Build.0 = Debug|Any CPU
		{755BE5BB-DB69-4FA2-9B24-82E896D51808}.Debug|iPhone.ActiveCfg = Debug|Any CPU
		{755BE5BB-DB69-4FA2-9B24-82E896D51808}.Debug|iPhone.Build.0 = Debug|Any CPU
		{755BE5BB-DB69-4FA2-9B24-82E896D51808}.Debug|iPhoneSimulator.ActiveCfg = Debug|Any CPU
		{755BE5BB-DB69-4FA2-9B24-82E896D51808}.Debug|iPhoneSimulator.Build.0 = Debug|Any CPU
		{755BE5BB-DB69-4FA2-9B24-82E896D51808}.Debug|x64.ActiveCfg = Debug|Any CPU
		{755BE5BB-DB69-4FA2-9B24-82E896D51808}.Debug|x64.Build.0 = Debug|Any CPU
		{755BE5BB-DB69-4FA2-9B24-82E896D51808}.Debug|x86.ActiveCfg = Debug|Any CPU
		{755BE5BB-DB69-4FA2-9B24-82E896D51808}.Debug|x86.Build.0 = Debug|Any CPU
		{755BE5BB-DB69-4FA2-9B24-82E896D51808}.Release|Any CPU.ActiveCfg = Release|Any CPU
		{755BE5BB-DB69-4FA2-9B24-82E896D51808}.Release|Any CPU.Build.0 = Release|Any CPU
		{755BE5BB-DB69-4FA2-9B24-82E896D51808}.Release|ARM.ActiveCfg = Release|Any CPU
		{755BE5BB-DB69-4FA2-9B24-82E896D51808}.Release|ARM.Build.0 = Release|Any CPU
		{755BE5BB-DB69-4FA2-9B24-82E896D51808}.Release|iPhone.ActiveCfg = Release|Any CPU
		{755BE5BB-DB69-4FA2-9B24-82E896D51808}.Release|iPhone.Build.0 = Release|Any CPU
		{755BE5BB-DB69-4FA2-9B24-82E896D51808}.Release|iPhoneSimulator.ActiveCfg = Release|Any CPU
		{755BE5BB-DB69-4FA2-9B24-82E896D51808}.Release|iPhoneSimulator.Build.0 = Release|Any CPU
		{755BE5BB-DB69-4FA2-9B24-82E896D51808}.Release|x64.ActiveCfg = Release|Any CPU
		{755BE5BB-DB69-4FA2-9B24-82E896D51808}.Release|x64.Build.0 = Release|Any CPU
		{755BE5BB-DB69-4FA2-9B24-82E896D51808}.Release|x86.ActiveCfg = Release|Any CPU
		{755BE5BB-DB69-4FA2-9B24-82E896D51808}.Release|x86.Build.0 = Release|Any CPU
	EndGlobalSection
	GlobalSection(SolutionProperties) = preSolution
		HideSolutionNode = FALSE
	EndGlobalSection
	GlobalSection(ExtensibilityGlobals) = postSolution
		SolutionGuid = {0EB1E2B7-84A5-44DA-B1D8-031C55EE5AD8}
	EndGlobalSection
EndGlobal
